// !$*UTF8*$!
{
	archiveVersion = 1;
	classes = {
	};
	objectVersion = 48;
	objects = {

/* Begin PBXBuildFile section */
		888D7ED71F8009D8003F315B /* AppDelegate.swift in Sources */ = {isa = PBXBuildFile; fileRef = 888D7ED61F8009D8003F315B /* AppDelegate.swift */; };
		888D7ED91F8009D8003F315B /* ViewController.swift in Sources */ = {isa = PBXBuildFile; fileRef = 888D7ED81F8009D8003F315B /* ViewController.swift */; };
		888D7EDC1F8009D8003F315B /* Main.storyboard in Resources */ = {isa = PBXBuildFile; fileRef = 888D7EDA1F8009D8003F315B /* Main.storyboard */; };
		888D7EDE1F8009D8003F315B /* Assets.xcassets in Resources */ = {isa = PBXBuildFile; fileRef = 888D7EDD1F8009D8003F315B /* Assets.xcassets */; };
		888D7EE11F8009D8003F315B /* LaunchScreen.storyboard in Resources */ = {isa = PBXBuildFile; fileRef = 888D7EDF1F8009D8003F315B /* LaunchScreen.storyboard */; };
		888D7EEC1F8009D8003F315B /* speedtestTests.swift in Sources */ = {isa = PBXBuildFile; fileRef = 888D7EEB1F8009D8003F315B /* speedtestTests.swift */; };
		888D7EF71F8009D8003F315B /* speedtestUITests.swift in Sources */ = {isa = PBXBuildFile; fileRef = 888D7EF61F8009D8003F315B /* speedtestUITests.swift */; };
/* End PBXBuildFile section */

/* Begin PBXContainerItemProxy section */
		888D7EE81F8009D8003F315B /* PBXContainerItemProxy */ = {
			isa = PBXContainerItemProxy;
			containerPortal = 888D7ECB1F8009D8003F315B /* Project object */;
			proxyType = 1;
			remoteGlobalIDString = 888D7ED21F8009D8003F315B;
			remoteInfo = speedtest;
		};
		888D7EF31F8009D8003F315B /* PBXContainerItemProxy */ = {
			isa = PBXContainerItemProxy;
			containerPortal = 888D7ECB1F8009D8003F315B /* Project object */;
			proxyType = 1;
			remoteGlobalIDString = 888D7ED21F8009D8003F315B;
			remoteInfo = speedtest;
		};
/* End PBXContainerItemProxy section */

/* Begin PBXFileReference section */
		888D7ED31F8009D8003F315B /* speedtest.app */ = {isa = PBXFileReference; explicitFileType = wrapper.application; includeInIndex = 0; path = speedtest.app; sourceTree = BUILT_PRODUCTS_DIR; };
		888D7ED61F8009D8003F315B /* AppDelegate.swift */ = {isa = PBXFileReference; lastKnownFileType = sourcecode.swift; path = AppDelegate.swift; sourceTree = "<group>"; };
		888D7ED81F8009D8003F315B /* ViewController.swift */ = {isa = PBXFileReference; lastKnownFileType = sourcecode.swift; path = ViewController.swift; sourceTree = "<group>"; };
		888D7EDB1F8009D8003F315B /* Base */ = {isa = PBXFileReference; lastKnownFileType = file.storyboard; name = Base; path = Base.lproj/Main.storyboard; sourceTree = "<group>"; };
		888D7EDD1F8009D8003F315B /* Assets.xcassets */ = {isa = PBXFileReference; lastKnownFileType = folder.assetcatalog; path = Assets.xcassets; sourceTree = "<group>"; };
		888D7EE01F8009D8003F315B /* Base */ = {isa = PBXFileReference; lastKnownFileType = file.storyboard; name = Base; path = Base.lproj/LaunchScreen.storyboard; sourceTree = "<group>"; };
		888D7EE21F8009D8003F315B /* Info.plist */ = {isa = PBXFileReference; lastKnownFileType = text.plist.xml; path = Info.plist; sourceTree = "<group>"; };
		888D7EE71F8009D8003F315B /* speedtestTests.xctest */ = {isa = PBXFileReference; explicitFileType = wrapper.cfbundle; includeInIndex = 0; path = speedtestTests.xctest; sourceTree = BUILT_PRODUCTS_DIR; };
		888D7EEB1F8009D8003F315B /* speedtestTests.swift */ = {isa = PBXFileReference; lastKnownFileType = sourcecode.swift; path = speedtestTests.swift; sourceTree = "<group>"; };
		888D7EED1F8009D8003F315B /* Info.plist */ = {isa = PBXFileReference; lastKnownFileType = text.plist.xml; path = Info.plist; sourceTree = "<group>"; };
		888D7EF21F8009D8003F315B /* speedtestUITests.xctest */ = {isa = PBXFileReference; explicitFileType = wrapper.cfbundle; includeInIndex = 0; path = speedtestUITests.xctest; sourceTree = BUILT_PRODUCTS_DIR; };
		888D7EF61F8009D8003F315B /* speedtestUITests.swift */ = {isa = PBXFileReference; lastKnownFileType = sourcecode.swift; path = speedtestUITests.swift; sourceTree = "<group>"; };
		888D7EF81F8009D8003F315B /* Info.plist */ = {isa = PBXFileReference; lastKnownFileType = text.plist.xml; path = Info.plist; sourceTree = "<group>"; };
/* End PBXFileReference section */

/* Begin PBXFrameworksBuildPhase section */
		888D7ED01F8009D8003F315B /* Frameworks */ = {
			isa = PBXFrameworksBuildPhase;
			buildActionMask = 2147483647;
			files = (
			);
			runOnlyForDeploymentPostprocessing = 0;
		};
		888D7EE41F8009D8003F315B /* Frameworks */ = {
			isa = PBXFrameworksBuildPhase;
			buildActionMask = 2147483647;
			files = (
			);
			runOnlyForDeploymentPostprocessing = 0;
		};
		888D7EEF1F8009D8003F315B /* Frameworks */ = {
			isa = PBXFrameworksBuildPhase;
			buildActionMask = 2147483647;
			files = (
			);
			runOnlyForDeploymentPostprocessing = 0;
		};
/* End PBXFrameworksBuildPhase section */

/* Begin PBXGroup section */
		888D7ECA1F8009D8003F315B = {
			isa = PBXGroup;
			children = (
				888D7ED51F8009D8003F315B /* speedtest */,
				888D7EEA1F8009D8003F315B /* speedtestTests */,
				888D7EF51F8009D8003F315B /* speedtestUITests */,
				888D7ED41F8009D8003F315B /* Products */,
			);
			sourceTree = "<group>";
		};
		888D7ED41F8009D8003F315B /* Products */ = {
			isa = PBXGroup;
			children = (
				888D7ED31F8009D8003F315B /* speedtest.app */,
				888D7EE71F8009D8003F315B /* speedtestTests.xctest */,
				888D7EF21F8009D8003F315B /* speedtestUITests.xctest */,
			);
			name = Products;
			sourceTree = "<group>";
		};
		888D7ED51F8009D8003F315B /* speedtest */ = {
			isa = PBXGroup;
			children = (
				888D7ED61F8009D8003F315B /* AppDelegate.swift */,
				888D7ED81F8009D8003F315B /* ViewController.swift */,
				888D7EDA1F8009D8003F315B /* Main.storyboard */,
				888D7EDD1F8009D8003F315B /* Assets.xcassets */,
				888D7EDF1F8009D8003F315B /* LaunchScreen.storyboard */,
				888D7EE21F8009D8003F315B /* Info.plist */,
			);
			path = speedtest;
			sourceTree = "<group>";
		};
		888D7EEA1F8009D8003F315B /* speedtestTests */ = {
			isa = PBXGroup;
			children = (
				888D7EEB1F8009D8003F315B /* speedtestTests.swift */,
				888D7EED1F8009D8003F315B /* Info.plist */,
			);
			path = speedtestTests;
			sourceTree = "<group>";
		};
		888D7EF51F8009D8003F315B /* speedtestUITests */ = {
			isa = PBXGroup;
			children = (
				888D7EF61F8009D8003F315B /* speedtestUITests.swift */,
				888D7EF81F8009D8003F315B /* Info.plist */,
			);
			path = speedtestUITests;
			sourceTree = "<group>";
		};
/* End PBXGroup section */

/* Begin PBXNativeTarget section */
		888D7ED21F8009D8003F315B /* speedtest */ = {
			isa = PBXNativeTarget;
			buildConfigurationList = 888D7EFB1F8009D8003F315B /* Build configuration list for PBXNativeTarget "speedtest" */;
			buildPhases = (
				888D7ECF1F8009D8003F315B /* Sources */,
				888D7ED01F8009D8003F315B /* Frameworks */,
				888D7ED11F8009D8003F315B /* Resources */,
			);
			buildRules = (
			);
			dependencies = (
			);
			name = speedtest;
			productName = speedtest;
			productReference = 888D7ED31F8009D8003F315B /* speedtest.app */;
			productType = "com.apple.product-type.application";
		};
		888D7EE61F8009D8003F315B /* speedtestTests */ = {
			isa = PBXNativeTarget;
			buildConfigurationList = 888D7EFE1F8009D8003F315B /* Build configuration list for PBXNativeTarget "speedtestTests" */;
			buildPhases = (
				888D7EE31F8009D8003F315B /* Sources */,
				888D7EE41F8009D8003F315B /* Frameworks */,
				888D7EE51F8009D8003F315B /* Resources */,
			);
			buildRules = (
			);
			dependencies = (
				888D7EE91F8009D8003F315B /* PBXTargetDependency */,
			);
			name = speedtestTests;
			productName = speedtestTests;
			productReference = 888D7EE71F8009D8003F315B /* speedtestTests.xctest */;
			productType = "com.apple.product-type.bundle.unit-test";
		};
		888D7EF11F8009D8003F315B /* speedtestUITests */ = {
			isa = PBXNativeTarget;
			buildConfigurationList = 888D7F011F8009D8003F315B /* Build configuration list for PBXNativeTarget "speedtestUITests" */;
			buildPhases = (
				888D7EEE1F8009D8003F315B /* Sources */,
				888D7EEF1F8009D8003F315B /* Frameworks */,
				888D7EF01F8009D8003F315B /* Resources */,
			);
			buildRules = (
			);
			dependencies = (
				888D7EF41F8009D8003F315B /* PBXTargetDependency */,
			);
			name = speedtestUITests;
			productName = speedtestUITests;
			productReference = 888D7EF21F8009D8003F315B /* speedtestUITests.xctest */;
			productType = "com.apple.product-type.bundle.ui-testing";
		};
/* End PBXNativeTarget section */

/* Begin PBXProject section */
		888D7ECB1F8009D8003F315B /* Project object */ = {
			isa = PBXProject;
			attributes = {
				LastSwiftUpdateCheck = 0900;
				LastUpgradeCheck = 0900;
				ORGANIZATIONNAME = "Jesse Hill";
				TargetAttributes = {
					888D7ED21F8009D8003F315B = {
						CreatedOnToolsVersion = 9.0;
						ProvisioningStyle = Automatic;
					};
					888D7EE61F8009D8003F315B = {
						CreatedOnToolsVersion = 9.0;
						ProvisioningStyle = Automatic;
						TestTargetID = 888D7ED21F8009D8003F315B;
					};
					888D7EF11F8009D8003F315B = {
						CreatedOnToolsVersion = 9.0;
						ProvisioningStyle = Automatic;
						TestTargetID = 888D7ED21F8009D8003F315B;
					};
				};
			};
			buildConfigurationList = 888D7ECE1F8009D8003F315B /* Build configuration list for PBXProject "speedtest" */;
			compatibilityVersion = "Xcode 8.0";
			developmentRegion = en;
			hasScannedForEncodings = 0;
			knownRegions = (
				en,
				Base,
			);
			mainGroup = 888D7ECA1F8009D8003F315B;
			productRefGroup = 888D7ED41F8009D8003F315B /* Products */;
			projectDirPath = "";
			projectRoot = "";
			targets = (
				888D7ED21F8009D8003F315B /* speedtest */,
				888D7EE61F8009D8003F315B /* speedtestTests */,
				888D7EF11F8009D8003F315B /* speedtestUITests */,
			);
		};
/* End PBXProject section */

/* Begin PBXResourcesBuildPhase section */
		888D7ED11F8009D8003F315B /* Resources */ = {
			isa = PBXResourcesBuildPhase;
			buildActionMask = 2147483647;
			files = (
				888D7EE11F8009D8003F315B /* LaunchScreen.storyboard in Resources */,
				888D7EDE1F8009D8003F315B /* Assets.xcassets in Resources */,
				888D7EDC1F8009D8003F315B /* Main.storyboard in Resources */,
			);
			runOnlyForDeploymentPostprocessing = 0;
		};
		888D7EE51F8009D8003F315B /* Resources */ = {
			isa = PBXResourcesBuildPhase;
			buildActionMask = 2147483647;
			files = (
			);
			runOnlyForDeploymentPostprocessing = 0;
		};
		888D7EF01F8009D8003F315B /* Resources */ = {
			isa = PBXResourcesBuildPhase;
			buildActionMask = 2147483647;
			files = (
			);
			runOnlyForDeploymentPostprocessing = 0;
		};
/* End PBXResourcesBuildPhase section */

/* Begin PBXSourcesBuildPhase section */
		888D7ECF1F8009D8003F315B /* Sources */ = {
			isa = PBXSourcesBuildPhase;
			buildActionMask = 2147483647;
			files = (
				888D7ED91F8009D8003F315B /* ViewController.swift in Sources */,
				888D7ED71F8009D8003F315B /* AppDelegate.swift in Sources */,
			);
			runOnlyForDeploymentPostprocessing = 0;
		};
		888D7EE31F8009D8003F315B /* Sources */ = {
			isa = PBXSourcesBuildPhase;
			buildActionMask = 2147483647;
			files = (
				888D7EEC1F8009D8003F315B /* speedtestTests.swift in Sources */,
			);
			runOnlyForDeploymentPostprocessing = 0;
		};
		888D7EEE1F8009D8003F315B /* Sources */ = {
			isa = PBXSourcesBuildPhase;
			buildActionMask = 2147483647;
			files = (
				888D7EF71F8009D8003F315B /* speedtestUITests.swift in Sources */,
			);
			runOnlyForDeploymentPostprocessing = 0;
		};
/* End PBXSourcesBuildPhase section */

/* Begin PBXTargetDependency section */
		888D7EE91F8009D8003F315B /* PBXTargetDependency */ = {
			isa = PBXTargetDependency;
			target = 888D7ED21F8009D8003F315B /* speedtest */;
			targetProxy = 888D7EE81F8009D8003F315B /* PBXContainerItemProxy */;
		};
		888D7EF41F8009D8003F315B /* PBXTargetDependency */ = {
			isa = PBXTargetDependency;
			target = 888D7ED21F8009D8003F315B /* speedtest */;
			targetProxy = 888D7EF31F8009D8003F315B /* PBXContainerItemProxy */;
		};
/* End PBXTargetDependency section */

/* Begin PBXVariantGroup section */
		888D7EDA1F8009D8003F315B /* Main.storyboard */ = {
			isa = PBXVariantGroup;
			children = (
				888D7EDB1F8009D8003F315B /* Base */,
			);
			name = Main.storyboard;
			sourceTree = "<group>";
		};
		888D7EDF1F8009D8003F315B /* LaunchScreen.storyboard */ = {
			isa = PBXVariantGroup;
			children = (
				888D7EE01F8009D8003F315B /* Base */,
			);
			name = LaunchScreen.storyboard;
			sourceTree = "<group>";
		};
/* End PBXVariantGroup section */

/* Begin XCBuildConfiguration section */
		888D7EF91F8009D8003F315B /* Debug */ = {
			isa = XCBuildConfiguration;
			buildSettings = {
				ALWAYS_SEARCH_USER_PATHS = NO;
				CLANG_ANALYZER_NONNULL = YES;
				CLANG_ANALYZER_NUMBER_OBJECT_CONVERSION = YES_AGGRESSIVE;
				CLANG_CXX_LANGUAGE_STANDARD = "gnu++14";
				CLANG_CXX_LIBRARY = "libc++";
				CLANG_ENABLE_MODULES = YES;
				CLANG_ENABLE_OBJC_ARC = YES;
				CLANG_WARN_BLOCK_CAPTURE_AUTORELEASING = YES;
				CLANG_WARN_BOOL_CONVERSION = YES;
				CLANG_WARN_COMMA = YES;
				CLANG_WARN_CONSTANT_CONVERSION = YES;
				CLANG_WARN_DIRECT_OBJC_ISA_USAGE = YES_ERROR;
				CLANG_WARN_DOCUMENTATION_COMMENTS = YES;
				CLANG_WARN_EMPTY_BODY = YES;
				CLANG_WARN_ENUM_CONVERSION = YES;
				CLANG_WARN_INFINITE_RECURSION = YES;
				CLANG_WARN_INT_CONVERSION = YES;
				CLANG_WARN_NON_LITERAL_NULL_CONVERSION = YES;
				CLANG_WARN_OBJC_LITERAL_CONVERSION = YES;
				CLANG_WARN_OBJC_ROOT_CLASS = YES_ERROR;
				CLANG_WARN_RANGE_LOOP_ANALYSIS = YES;
				CLANG_WARN_STRICT_PROTOTYPES = YES;
				CLANG_WARN_SUSPICIOUS_MOVE = YES;
				CLANG_WARN_UNGUARDED_AVAILABILITY = YES_AGGRESSIVE;
				CLANG_WARN_UNREACHABLE_CODE = YES;
				CLANG_WARN__DUPLICATE_METHOD_MATCH = YES;
				CODE_SIGN_IDENTITY = "iPhone Developer";
				COPY_PHASE_STRIP = NO;
				DEBUG_INFORMATION_FORMAT = dwarf;
				ENABLE_STRICT_OBJC_MSGSEND = YES;
				ENABLE_TESTABILITY = YES;
				GCC_C_LANGUAGE_STANDARD = gnu11;
				GCC_DYNAMIC_NO_PIC = NO;
				GCC_NO_COMMON_BLOCKS = YES;
				GCC_OPTIMIZATION_LEVEL = 0;
				GCC_PREPROCESSOR_DEFINITIONS = (
					"DEBUG=1",
					"$(inherited)",
				);
				GCC_WARN_64_TO_32_BIT_CONVERSION = YES;
				GCC_WARN_ABOUT_RETURN_TYPE = YES_ERROR;
				GCC_WARN_UNDECLARED_SELECTOR = YES;
				GCC_WARN_UNINITIALIZED_AUTOS = YES_AGGRESSIVE;
				GCC_WARN_UNUSED_FUNCTION = YES;
				GCC_WARN_UNUSED_VARIABLE = YES;
				IPHONEOS_DEPLOYMENT_TARGET = 11.0;
				MTL_ENABLE_DEBUG_INFO = YES;
				ONLY_ACTIVE_ARCH = YES;
				SDKROOT = iphoneos;
				SWIFT_ACTIVE_COMPILATION_CONDITIONS = DEBUG;
				SWIFT_OPTIMIZATION_LEVEL = "-Onone";
			};
			name = Debug;
		};
		888D7EFA1F8009D8003F315B /* Release */ = {
			isa = XCBuildConfiguration;
			buildSettings = {
				ALWAYS_SEARCH_USER_PATHS = NO;
				CLANG_ANALYZER_NONNULL = YES;
				CLANG_ANALYZER_NUMBER_OBJECT_CONVERSION = YES_AGGRESSIVE;
				CLANG_CXX_LANGUAGE_STANDARD = "gnu++14";
				CLANG_CXX_LIBRARY = "libc++";
				CLANG_ENABLE_MODULES = YES;
				CLANG_ENABLE_OBJC_ARC = YES;
				CLANG_WARN_BLOCK_CAPTURE_AUTORELEASING = YES;
				CLANG_WARN_BOOL_CONVERSION = YES;
				CLANG_WARN_COMMA = YES;
				CLANG_WARN_CONSTANT_CONVERSION = YES;
				CLANG_WARN_DIRECT_OBJC_ISA_USAGE = YES_ERROR;
				CLANG_WARN_DOCUMENTATION_COMMENTS = YES;
				CLANG_WARN_EMPTY_BODY = YES;
				CLANG_WARN_ENUM_CONVERSION = YES;
				CLANG_WARN_INFINITE_RECURSION = YES;
				CLANG_WARN_INT_CONVERSION = YES;
				CLANG_WARN_NON_LITERAL_NULL_CONVERSION = YES;
				CLANG_WARN_OBJC_LITERAL_CONVERSION = YES;
				CLANG_WARN_OBJC_ROOT_CLASS = YES_ERROR;
				CLANG_WARN_RANGE_LOOP_ANALYSIS = YES;
				CLANG_WARN_STRICT_PROTOTYPES = YES;
				CLANG_WARN_SUSPICIOUS_MOVE = YES;
				CLANG_WARN_UNGUARDED_AVAILABILITY = YES_AGGRESSIVE;
				CLANG_WARN_UNREACHABLE_CODE = YES;
				CLANG_WARN__DUPLICATE_METHOD_MATCH = YES;
				CODE_SIGN_IDENTITY = "iPhone Developer";
				COPY_PHASE_STRIP = NO;
				DEBUG_INFORMATION_FORMAT = "dwarf-with-dsym";
				ENABLE_NS_ASSERTIONS = NO;
				ENABLE_STRICT_OBJC_MSGSEND = YES;
				GCC_C_LANGUAGE_STANDARD = gnu11;
				GCC_NO_COMMON_BLOCKS = YES;
				GCC_WARN_64_TO_32_BIT_CONVERSION = YES;
				GCC_WARN_ABOUT_RETURN_TYPE = YES_ERROR;
				GCC_WARN_UNDECLARED_SELECTOR = YES;
				GCC_WARN_UNINITIALIZED_AUTOS = YES_AGGRESSIVE;
				GCC_WARN_UNUSED_FUNCTION = YES;
				GCC_WARN_UNUSED_VARIABLE = YES;
				IPHONEOS_DEPLOYMENT_TARGET = 11.0;
				MTL_ENABLE_DEBUG_INFO = NO;
				SDKROOT = iphoneos;
				SWIFT_OPTIMIZATION_LEVEL = "-Owholemodule";
				VALIDATE_PRODUCT = YES;
			};
			name = Release;
		};
		888D7EFC1F8009D8003F315B /* Debug */ = {
			isa = XCBuildConfiguration;
			buildSettings = {
				ASSETCATALOG_COMPILER_APPICON_NAME = AppIcon;
				CODE_SIGN_STYLE = Automatic;
				INFOPLIST_FILE = speedtest/Info.plist;
				LD_RUNPATH_SEARCH_PATHS = "$(inherited) @executable_path/Frameworks";
				PRODUCT_BUNDLE_IDENTIFIER = Org.speedtest;
				PRODUCT_NAME = "$(TARGET_NAME)";
				SWIFT_VERSION = 4.0;
				TARGETED_DEVICE_FAMILY = "1,2";
			};
			name = Debug;
		};
		888D7EFD1F8009D8003F315B /* Release */ = {
			isa = XCBuildConfiguration;
			buildSettings = {
				ASSETCATALOG_COMPILER_APPICON_NAME = AppIcon;
				CODE_SIGN_STYLE = Automatic;
				INFOPLIST_FILE = speedtest/Info.plist;
				LD_RUNPATH_SEARCH_PATHS = "$(inherited) @executable_path/Frameworks";
				PRODUCT_BUNDLE_IDENTIFIER = Org.speedtest;
				PRODUCT_NAME = "$(TARGET_NAME)";
				SWIFT_VERSION = 4.0;
				TARGETED_DEVICE_FAMILY = "1,2";
			};
			name = Release;
		};
		888D7EFF1F8009D8003F315B /* Debug */ = {
			isa = XCBuildConfiguration;
			buildSettings = {
				ALWAYS_EMBED_SWIFT_STANDARD_LIBRARIES = YES;
				BUNDLE_LOADER = "$(TEST_HOST)";
				CODE_SIGN_STYLE = Automatic;
				INFOPLIST_FILE = speedtestTests/Info.plist;
				LD_RUNPATH_SEARCH_PATHS = "$(inherited) @executable_path/Frameworks @loader_path/Frameworks";
				PRODUCT_BUNDLE_IDENTIFIER = Org.speedtestTests;
				PRODUCT_NAME = "$(TARGET_NAME)";
				SWIFT_VERSION = 4.0;
				TARGETED_DEVICE_FAMILY = "1,2";
				TEST_HOST = "$(BUILT_PRODUCTS_DIR)/speedtest.app/speedtest";
			};
			name = Debug;
		};
		888D7F001F8009D8003F315B /* Release */ = {
			isa = XCBuildConfiguration;
			buildSettings = {
				ALWAYS_EMBED_SWIFT_STANDARD_LIBRARIES = YES;
				BUNDLE_LOADER = "$(TEST_HOST)";
				CODE_SIGN_STYLE = Automatic;
				INFOPLIST_FILE = speedtestTests/Info.plist;
				LD_RUNPATH_SEARCH_PATHS = "$(inherited) @executable_path/Frameworks @loader_path/Frameworks";
				PRODUCT_BUNDLE_IDENTIFIER = Org.speedtestTests;
				PRODUCT_NAME = "$(TARGET_NAME)";
				SWIFT_VERSION = 4.0;
				TARGETED_DEVICE_FAMILY = "1,2";
				TEST_HOST = "$(BUILT_PRODUCTS_DIR)/speedtest.app/speedtest";
			};
			name = Release;
		};
		888D7F021F8009D8003F315B /* Debug */ = {
			isa = XCBuildConfiguration;
			buildSettings = {
				ALWAYS_EMBED_SWIFT_STANDARD_LIBRARIES = YES;
				CODE_SIGN_STYLE = Automatic;
				INFOPLIST_FILE = speedtestUITests/Info.plist;
				LD_RUNPATH_SEARCH_PATHS = "$(inherited) @executable_path/Frameworks @loader_path/Frameworks";
				PRODUCT_BUNDLE_IDENTIFIER = Org.speedtestUITests;
				PRODUCT_NAME = "$(TARGET_NAME)";
				SWIFT_VERSION = 4.0;
				TARGETED_DEVICE_FAMILY = "1,2";
				TEST_TARGET_NAME = speedtest;
			};
			name = Debug;
		};
		888D7F031F8009D8003F315B /* Release */ = {
			isa = XCBuildConfiguration;
			buildSettings = {
				ALWAYS_EMBED_SWIFT_STANDARD_LIBRARIES = YES;
				CODE_SIGN_STYLE = Automatic;
				INFOPLIST_FILE = speedtestUITests/Info.plist;
				LD_RUNPATH_SEARCH_PATHS = "$(inherited) @executable_path/Frameworks @loader_path/Frameworks";
				PRODUCT_BUNDLE_IDENTIFIER = Org.speedtestUITests;
				PRODUCT_NAME = "$(TARGET_NAME)";
				SWIFT_VERSION = 4.0;
				TARGETED_DEVICE_FAMILY = "1,2";
				TEST_TARGET_NAME = speedtest;
			};
			name = Release;
		};
/* End XCBuildConfiguration section */

/* Begin XCConfigurationList section */
		888D7ECE1F8009D8003F315B /* Build configuration list for PBXProject "speedtest" */ = {
			isa = XCConfigurationList;
			buildConfigurations = (
				888D7EF91F8009D8003F315B /* Debug */,
				888D7EFA1F8009D8003F315B /* Release */,
			);
			defaultConfigurationIsVisible = 0;
			defaultConfigurationName = Release;
		};
		888D7EFB1F8009D8003F315B /* Build configuration list for PBXNativeTarget "speedtest" */ = {
			isa = XCConfigurationList;
			buildConfigurations = (
				888D7EFC1F8009D8003F315B /* Debug */,
				888D7EFD1F8009D8003F315B /* Release */,
			);
			defaultConfigurationIsVisible = 0;
			defaultConfigurationName = Release;
		};
		888D7EFE1F8009D8003F315B /* Build configuration list for PBXNativeTarget "speedtestTests" */ = {
			isa = XCConfigurationList;
			buildConfigurations = (
				888D7EFF1F8009D8003F315B /* Debug */,
				888D7F001F8009D8003F315B /* Release */,
			);
			defaultConfigurationIsVisible = 0;
			defaultConfigurationName = Release;
		};
		888D7F011F8009D8003F315B /* Build configuration list for PBXNativeTarget "speedtestUITests" */ = {
			isa = XCConfigurationList;
			buildConfigurations = (
				888D7F021F8009D8003F315B /* Debug */,
				888D7F031F8009D8003F315B /* Release */,
			);
			defaultConfigurationIsVisible = 0;
			defaultConfigurationName = Release;
		};
/* End XCConfigurationList section */
	};
	rootObject = 888D7ECB1F8009D8003F315B /* Project object */;
}
